# This file is automatically @generated by Cargo.
# It is not intended for manual editing.
version = 3

[[package]]
name = "autocfg"
version = "1.2.0"
source = "registry+https://github.com/rust-lang/crates.io-index"
checksum = "f1fdabc7756949593fe60f30ec81974b613357de856987752631dea1e3394c80"

[[package]]
name = "kernel"
version = "0.1.0"
dependencies = [
 "os_in_rust_common",
]

[[package]]
name = "loader"
version = "0.1.0"
dependencies = [
 "os_in_rust_common",
 "volatile",
]

[[package]]
name = "loader2"
version = "0.1.0"
dependencies = [
 "os_in_rust_common",
]

[[package]]
name = "lock_api"
version = "0.4.11"
source = "registry+https://github.com/rust-lang/crates.io-index"
checksum = "3c168f8615b12bc01f9c17e2eb0cc07dcae1940121185446edc3744920e8ef45"
dependencies = [
 "autocfg",
 "scopeguard",
]

[[package]]
name = "mbr"
version = "0.1.0"
dependencies = [
 "os_in_rust_common",
]

[[package]]
name = "os-in-rust"
version = "0.1.0"

[[package]]
name = "os_in_rust_common"
version = "0.1.0"
dependencies = [
 "spin",
 "volatile",
]

[[package]]
name = "scopeguard"
version = "1.2.0"
source = "registry+https://github.com/rust-lang/crates.io-index"
checksum = "94143f37725109f92c262ed2cf5e59bce7498c01bcc1502d7b9afe439a4e9f49"

[[package]]
name = "spin"
version = "0.9.8"
source = "registry+https://github.com/rust-lang/crates.io-index"
checksum = "6980e8d7511241f8acf4aebddbb1ff938df5eebe98691418c4468d0b72a96a67"
dependencies = [
 "lock_api",
]

[[package]]
name = "tests"
version = "0.1.0"
dependencies = [
 "os_in_rust_common",
 "volatile",
]

[[package]]
name = "volatile"
version = "0.2.7"
source = "registry+https://github.com/rust-lang/crates.io-index"
checksum = "f6b06ad3ed06fef1713569d547cdbdb439eafed76341820fb0e0344f29a41945"
